{
    "_meta": {
        "hash": {
            "sha256": "2989c0726c09243f8ac837f1b866156fdb4d9f531126ceaf5e3697bcf6f042cc"
        },
        "host-environment-markers": {
            "implementation_name": "cpython",
            "implementation_version": "3.6.5",
            "os_name": "posix",
            "platform_machine": "x86_64",
            "platform_python_implementation": "CPython",
            "platform_release": "4.14.41",
            "platform_system": "Linux",
            "platform_version": "#1-NixOS SMP Wed May 16 08:10:32 UTC 2018",
            "python_full_version": "3.6.5",
            "python_version": "3.6",
            "sys_platform": "linux"
        },
        "pipfile-spec": 6,
        "requires": {
            "python_version": "3.6"
        },
        "sources": [
            {
                "name": "pypi",
                "url": "https://pypi.org/simple",
                "verify_ssl": true
            }
        ]
    },
    "default": {
        "aniso8601": {
            "hashes": [],
            "version": "==3.0.0"
        },
        "click": {
            "hashes": [],
            "version": "==6.7"
        },
        "flask": {
            "hashes": [],
            "version": "==1.0.2"
        },
        "flask-cors": {
            "hashes": [],
            "version": "==3.0.4"
        },
        "flask-marshmallow": {
            "hashes": [],
            "version": "==0.9.0"
        },
        "flask-restplus": {
            "hashes": [],
            "version": "==0.10.1"
        },
        "flask-sqlalchemy": {
            "hashes": [],
            "version": "==2.3.2"
        },
        "itsdangerous": {
            "hashes": [],
            "version": "==0.24"
        },
        "jinja2": {
            "hashes": [],
            "version": "==2.10"
        },
        "jsonschema": {
            "hashes": [],
            "version": "==2.6.0"
        },
        "markupsafe": {
            "hashes": [],
            "version": "==1.0"
        },
        "marshmallow": {
            "hashes": [],
            "version": "==2.15.3"
        },
        "marshmallow-sqlalchemy": {
            "hashes": [],
            "version": "==0.13.2"
        },
        "pytz": {
            "hashes": [],
            "version": "==2018.4"
        },
        "six": {
            "hashes": [],
            "version": "==1.11.0"
        },
        "sqlalchemy": {
            "hashes": [],
            "version": "==1.2.7"
        },
        "werkzeug": {
            "hashes": [],
            "version": "==0.14.1"
        }
    },
    "develop": {
        "astroid": {
            "hashes": [],
            "version": "==1.6.4"
        },
        "attrs": {
            "hashes": [],
            "version": "==18.1.0"
        },
        "coverage": {
            "hashes": [],
            "version": "==4.5.1"
        },
        "isort": {
            "hashes": [],
            "version": "==4.3.4"
        },
        "lazy-object-proxy": {
            "hashes": [],
            "version": "==1.3.1"
        },
        "mccabe": {
            "hashes": [],
            "version": "==0.6.1"
        },
        "more-itertools": {
            "hashes": [],
            "version": "==4.1.0"
        },
        "pluggy": {
            "hashes": [],
            "version": "==0.6.0"
        },
        "py": {
            "hashes": [],
            "version": "==1.5.3"
        },
        "pylint": {
            "hashes": [],
            "version": "==1.9.1"
        },
        "pytest": {
            "hashes": [],
            "version": "==3.5.1"
        },
        "pytest-cov": {
            "hashes": [],
            "version": "==2.5.1"
        },
        "six": {
            "hashes": [],
            "version": "==1.11.0"
        },
        "wrapt": {
            "hashes": [],
            "version": "==1.10.11"
        }
    }
}
